{
  "name": "meng-project",
  "version": "0.0.0",
  "lockfileVersion": 1,
  "requires": true,
  "dependencies": {
    "faust2webaudio": {
      "version": "github:grame-cncm/faust2webaudio#1f9a20e8ec21139ab002c2f3e37574764a510903",
      "from": "github:grame-cncm/faust2webaudio",
      "dev": true
    }
  }
}
